{
  "object": {
    "pins": [
      {
        "package": "Contentful",
        "repositoryURL": "https://github.com/contentful/contentful.swift",
        "state": {
          "branch": null,
          "revision": "91f2306270a76fadc4c0c8237eff22966b608c08",
          "version": "5.3.0"
        }
      },
      {
        "package": "Down",
        "repositoryURL": "https://github.com/iwasrobbed/Down.git",
        "state": {
          "branch": null,
          "revision": "427aec0a0ab342246ec02369dea398597b61174a",
          "version": "0.9.3"
        }
      },
      {
        "package": "SDWebImage",
        "repositoryURL": "https://github.com/SDWebImage/SDWebImage.git",
        "state": {
          "branch": null,
          "revision": "a71dcd2b43de1d948b203249b7e1dee328e8016d",
          "version": "5.9.3"
        }
      }
    ]
  },
  "version": 1
}
