// !$*UTF8*$!
{
	archiveVersion = 1;
	classes = {
	};
	objectVersion = 51;
	objects = {

/* Begin PBXBuildFile section */
		032CFF672534C3CE0030545B /* UIViewController+Extensions.swift in Sources */ = {isa = PBXBuildFile; fileRef = 032CFF662534C3CE0030545B /* UIViewController+Extensions.swift */; };
		032CFF6F2534C4B90030545B /* LoadingView.swift in Sources */ = {isa = PBXBuildFile; fileRef = 032CFF6E2534C4B90030545B /* LoadingView.swift */; };
		032CFF772534C9650030545B /* RecipeListCoordinator.swift in Sources */ = {isa = PBXBuildFile; fileRef = 032CFF762534C9650030545B /* RecipeListCoordinator.swift */; };
		032CFF7C2534C9760030545B /* BaseCoordinator.swift in Sources */ = {isa = PBXBuildFile; fileRef = 032CFF7B2534C9760030545B /* BaseCoordinator.swift */; };
		032CFF812534CA1C0030545B /* AppDIContainer.swift in Sources */ = {isa = PBXBuildFile; fileRef = 032CFF802534CA1C0030545B /* AppDIContainer.swift */; };
		032CFF862534CA9F0030545B /* RecipeDIContainer.swift in Sources */ = {isa = PBXBuildFile; fileRef = 032CFF852534CA9F0030545B /* RecipeDIContainer.swift */; };
		032CFF912534D1650030545B /* Storyboard+Extensions.swift in Sources */ = {isa = PBXBuildFile; fileRef = 032CFF902534D1650030545B /* Storyboard+Extensions.swift */; };
		032CFF962534D5C30030545B /* AppCoordinator.swift in Sources */ = {isa = PBXBuildFile; fileRef = 032CFF952534D5C30030545B /* AppCoordinator.swift */; };
		032CFF9B2534E3B20030545B /* AppNavigation.swift in Sources */ = {isa = PBXBuildFile; fileRef = 032CFF9A2534E3B20030545B /* AppNavigation.swift */; };
		032CFFA42534EA590030545B /* RecipeDetailViewController.swift in Sources */ = {isa = PBXBuildFile; fileRef = 032CFFA32534EA590030545B /* RecipeDetailViewController.swift */; };
		03EA6CC42533651D009A4CCD /* AppDelegate.swift in Sources */ = {isa = PBXBuildFile; fileRef = 03EA6CC32533651D009A4CCD /* AppDelegate.swift */; };
		03EA6CC62533651D009A4CCD /* SceneDelegate.swift in Sources */ = {isa = PBXBuildFile; fileRef = 03EA6CC52533651D009A4CCD /* SceneDelegate.swift */; };
		03EA6CC82533651D009A4CCD /* RecipeListViewController.swift in Sources */ = {isa = PBXBuildFile; fileRef = 03EA6CC72533651D009A4CCD /* RecipeListViewController.swift */; };
		03EA6CCB2533651D009A4CCD /* Main.storyboard in Resources */ = {isa = PBXBuildFile; fileRef = 03EA6CC92533651D009A4CCD /* Main.storyboard */; };
		03EA6CCD2533651E009A4CCD /* Assets.xcassets in Resources */ = {isa = PBXBuildFile; fileRef = 03EA6CCC2533651E009A4CCD /* Assets.xcassets */; };
		03EA6CD02533651E009A4CCD /* LaunchScreen.storyboard in Resources */ = {isa = PBXBuildFile; fileRef = 03EA6CCE2533651E009A4CCD /* LaunchScreen.storyboard */; };
		03EA6CDB2533651E009A4CCD /* CookBookTests.swift in Sources */ = {isa = PBXBuildFile; fileRef = 03EA6CDA2533651E009A4CCD /* CookBookTests.swift */; };
		03EA6D0E25336F73009A4CCD /* RecipeRepository.swift in Sources */ = {isa = PBXBuildFile; fileRef = 03EA6D0D25336F73009A4CCD /* RecipeRepository.swift */; };
		03EA6D1725336FA1009A4CCD /* RecipieDataModel.swift in Sources */ = {isa = PBXBuildFile; fileRef = 03EA6D1625336FA1009A4CCD /* RecipieDataModel.swift */; };
		03EA6D262533774E009A4CCD /* Constants.swift in Sources */ = {isa = PBXBuildFile; fileRef = 03EA6D252533774E009A4CCD /* Constants.swift */; };
		03EA6D2E2533798D009A4CCD /* Response.swift in Sources */ = {isa = PBXBuildFile; fileRef = 03EA6D2D2533798D009A4CCD /* Response.swift */; };
		03EA6D34253382EE009A4CCD /* RecipeUseCase.swift in Sources */ = {isa = PBXBuildFile; fileRef = 03EA6D33253382EE009A4CCD /* RecipeUseCase.swift */; };
		03EA6D3D2533830A009A4CCD /* Recipe.swift in Sources */ = {isa = PBXBuildFile; fileRef = 03EA6D3C2533830A009A4CCD /* Recipe.swift */; };
		03EA6D56253392AB009A4CCD /* RecipeTableViewCell.swift in Sources */ = {isa = PBXBuildFile; fileRef = 03EA6D54253392AB009A4CCD /* RecipeTableViewCell.swift */; };
		03EA6D57253392AB009A4CCD /* RecipeTableViewCell.xib in Resources */ = {isa = PBXBuildFile; fileRef = 03EA6D55253392AB009A4CCD /* RecipeTableViewCell.xib */; };
		03EA6D6125339910009A4CCD /* Observable.swift in Sources */ = {isa = PBXBuildFile; fileRef = 03EA6D6025339910009A4CCD /* Observable.swift */; };
		03EA6D66253399EB009A4CCD /* RecipeCellViewModel.swift in Sources */ = {isa = PBXBuildFile; fileRef = 03EA6D65253399EB009A4CCD /* RecipeCellViewModel.swift */; };
		03EA6D6C25339B76009A4CCD /* UIView+Extensions.swift in Sources */ = {isa = PBXBuildFile; fileRef = 03EA6D6B25339B76009A4CCD /* UIView+Extensions.swift */; };
		03EA6D7D2534B76D009A4CCD /* UITableView+Extensions.swift in Sources */ = {isa = PBXBuildFile; fileRef = 03EA6D7C2534B76D009A4CCD /* UITableView+Extensions.swift */; };
		03EA6D872534B952009A4CCD /* RecipeListViewModel.swift in Sources */ = {isa = PBXBuildFile; fileRef = 03EA6D862534B952009A4CCD /* RecipeListViewModel.swift */; };
		1A916E3AF91CCAD694BAF0CE /* Pods_CookBook.framework in Frameworks */ = {isa = PBXBuildFile; fileRef = 052C761CCE4F61FC3737454F /* Pods_CookBook.framework */; };
/* End PBXBuildFile section */

/* Begin PBXContainerItemProxy section */
		03EA6CD72533651E009A4CCD /* PBXContainerItemProxy */ = {
			isa = PBXContainerItemProxy;
			containerPortal = 03EA6CB82533651D009A4CCD /* Project object */;
			proxyType = 1;
			remoteGlobalIDString = 03EA6CBF2533651D009A4CCD;
			remoteInfo = CookBook;
		};
		03EA6CE22533651E009A4CCD /* PBXContainerItemProxy */ = {
			isa = PBXContainerItemProxy;
			containerPortal = 03EA6CB82533651D009A4CCD /* Project object */;
			proxyType = 1;
			remoteGlobalIDString = 03EA6CBF2533651D009A4CCD;
			remoteInfo = CookBook;
		};
/* End PBXContainerItemProxy section */

/* Begin PBXFileReference section */
		032CFF662534C3CE0030545B /* UIViewController+Extensions.swift */ = {isa = PBXFileReference; lastKnownFileType = sourcecode.swift; path = "UIViewController+Extensions.swift"; sourceTree = "<group>"; };
		032CFF6E2534C4B90030545B /* LoadingView.swift */ = {isa = PBXFileReference; lastKnownFileType = sourcecode.swift; path = LoadingView.swift; sourceTree = "<group>"; };
		032CFF762534C9650030545B /* RecipeListCoordinator.swift */ = {isa = PBXFileReference; lastKnownFileType = sourcecode.swift; path = RecipeListCoordinator.swift; sourceTree = "<group>"; };
		032CFF7B2534C9760030545B /* BaseCoordinator.swift */ = {isa = PBXFileReference; lastKnownFileType = sourcecode.swift; path = BaseCoordinator.swift; sourceTree = "<group>"; };
		032CFF802534CA1C0030545B /* AppDIContainer.swift */ = {isa = PBXFileReference; lastKnownFileType = sourcecode.swift; path = AppDIContainer.swift; sourceTree = "<group>"; };
		032CFF852534CA9F0030545B /* RecipeDIContainer.swift */ = {isa = PBXFileReference; lastKnownFileType = sourcecode.swift; path = RecipeDIContainer.swift; sourceTree = "<group>"; };
		032CFF902534D1650030545B /* Storyboard+Extensions.swift */ = {isa = PBXFileReference; lastKnownFileType = sourcecode.swift; path = "Storyboard+Extensions.swift"; sourceTree = "<group>"; };
		032CFF952534D5C30030545B /* AppCoordinator.swift */ = {isa = PBXFileReference; lastKnownFileType = sourcecode.swift; path = AppCoordinator.swift; sourceTree = "<group>"; };
		032CFF9A2534E3B20030545B /* AppNavigation.swift */ = {isa = PBXFileReference; lastKnownFileType = sourcecode.swift; path = AppNavigation.swift; sourceTree = "<group>"; };
		032CFFA32534EA590030545B /* RecipeDetailViewController.swift */ = {isa = PBXFileReference; lastKnownFileType = sourcecode.swift; path = RecipeDetailViewController.swift; sourceTree = "<group>"; };
		03EA6CC02533651D009A4CCD /* CookBook.app */ = {isa = PBXFileReference; explicitFileType = wrapper.application; includeInIndex = 0; path = CookBook.app; sourceTree = BUILT_PRODUCTS_DIR; };
		03EA6CC32533651D009A4CCD /* AppDelegate.swift */ = {isa = PBXFileReference; lastKnownFileType = sourcecode.swift; path = AppDelegate.swift; sourceTree = "<group>"; };
		03EA6CC52533651D009A4CCD /* SceneDelegate.swift */ = {isa = PBXFileReference; lastKnownFileType = sourcecode.swift; path = SceneDelegate.swift; sourceTree = "<group>"; };
		03EA6CC72533651D009A4CCD /* RecipeListViewController.swift */ = {isa = PBXFileReference; lastKnownFileType = sourcecode.swift; path = RecipeListViewController.swift; sourceTree = "<group>"; };
		03EA6CCA2533651D009A4CCD /* Base */ = {isa = PBXFileReference; lastKnownFileType = file.storyboard; name = Base; path = Base.lproj/Main.storyboard; sourceTree = "<group>"; };
		03EA6CCC2533651E009A4CCD /* Assets.xcassets */ = {isa = PBXFileReference; lastKnownFileType = folder.assetcatalog; path = Assets.xcassets; sourceTree = "<group>"; };
		03EA6CCF2533651E009A4CCD /* Base */ = {isa = PBXFileReference; lastKnownFileType = file.storyboard; name = Base; path = Base.lproj/LaunchScreen.storyboard; sourceTree = "<group>"; };
		03EA6CD12533651E009A4CCD /* Info.plist */ = {isa = PBXFileReference; lastKnownFileType = text.plist.xml; path = Info.plist; sourceTree = "<group>"; };
		03EA6CD62533651E009A4CCD /* CookBookTests.xctest */ = {isa = PBXFileReference; explicitFileType = wrapper.cfbundle; includeInIndex = 0; path = CookBookTests.xctest; sourceTree = BUILT_PRODUCTS_DIR; };
		03EA6CDA2533651E009A4CCD /* CookBookTests.swift */ = {isa = PBXFileReference; lastKnownFileType = sourcecode.swift; path = CookBookTests.swift; sourceTree = "<group>"; };
		03EA6CDC2533651E009A4CCD /* Info.plist */ = {isa = PBXFileReference; lastKnownFileType = text.plist.xml; path = Info.plist; sourceTree = "<group>"; };
		03EA6CE12533651E009A4CCD /* CookBookUITests.xctest */ = {isa = PBXFileReference; explicitFileType = wrapper.cfbundle; includeInIndex = 0; path = CookBookUITests.xctest; sourceTree = BUILT_PRODUCTS_DIR; };
		03EA6D0D25336F73009A4CCD /* RecipeRepository.swift */ = {isa = PBXFileReference; lastKnownFileType = sourcecode.swift; path = RecipeRepository.swift; sourceTree = "<group>"; };
		03EA6D1625336FA1009A4CCD /* RecipieDataModel.swift */ = {isa = PBXFileReference; lastKnownFileType = sourcecode.swift; path = RecipieDataModel.swift; sourceTree = "<group>"; };
		03EA6D252533774E009A4CCD /* Constants.swift */ = {isa = PBXFileReference; lastKnownFileType = sourcecode.swift; path = Constants.swift; sourceTree = "<group>"; };
		03EA6D2D2533798D009A4CCD /* Response.swift */ = {isa = PBXFileReference; lastKnownFileType = sourcecode.swift; path = Response.swift; sourceTree = "<group>"; };
		03EA6D33253382EE009A4CCD /* RecipeUseCase.swift */ = {isa = PBXFileReference; lastKnownFileType = sourcecode.swift; path = RecipeUseCase.swift; sourceTree = "<group>"; };
		03EA6D3C2533830A009A4CCD /* Recipe.swift */ = {isa = PBXFileReference; lastKnownFileType = sourcecode.swift; path = Recipe.swift; sourceTree = "<group>"; };
		03EA6D54253392AB009A4CCD /* RecipeTableViewCell.swift */ = {isa = PBXFileReference; lastKnownFileType = sourcecode.swift; path = RecipeTableViewCell.swift; sourceTree = "<group>"; };
		03EA6D55253392AB009A4CCD /* RecipeTableViewCell.xib */ = {isa = PBXFileReference; lastKnownFileType = file.xib; path = RecipeTableViewCell.xib; sourceTree = "<group>"; };
		03EA6D6025339910009A4CCD /* Observable.swift */ = {isa = PBXFileReference; lastKnownFileType = sourcecode.swift; path = Observable.swift; sourceTree = "<group>"; };
		03EA6D65253399EB009A4CCD /* RecipeCellViewModel.swift */ = {isa = PBXFileReference; lastKnownFileType = sourcecode.swift; path = RecipeCellViewModel.swift; sourceTree = "<group>"; };
		03EA6D6B25339B76009A4CCD /* UIView+Extensions.swift */ = {isa = PBXFileReference; lastKnownFileType = sourcecode.swift; path = "UIView+Extensions.swift"; sourceTree = "<group>"; };
		03EA6D7C2534B76D009A4CCD /* UITableView+Extensions.swift */ = {isa = PBXFileReference; lastKnownFileType = sourcecode.swift; path = "UITableView+Extensions.swift"; sourceTree = "<group>"; };
		03EA6D862534B952009A4CCD /* RecipeListViewModel.swift */ = {isa = PBXFileReference; lastKnownFileType = sourcecode.swift; path = RecipeListViewModel.swift; sourceTree = "<group>"; };
		052C761CCE4F61FC3737454F /* Pods_CookBook.framework */ = {isa = PBXFileReference; explicitFileType = wrapper.framework; includeInIndex = 0; path = Pods_CookBook.framework; sourceTree = BUILT_PRODUCTS_DIR; };
		AC3FD4E429EADE20B4D96021 /* Pods-CookBook.debug.xcconfig */ = {isa = PBXFileReference; includeInIndex = 1; lastKnownFileType = text.xcconfig; name = "Pods-CookBook.debug.xcconfig"; path = "Target Support Files/Pods-CookBook/Pods-CookBook.debug.xcconfig"; sourceTree = "<group>"; };
		DAAC02344D4CB81905C6FD92 /* Pods-CookBook.release.xcconfig */ = {isa = PBXFileReference; includeInIndex = 1; lastKnownFileType = text.xcconfig; name = "Pods-CookBook.release.xcconfig"; path = "Target Support Files/Pods-CookBook/Pods-CookBook.release.xcconfig"; sourceTree = "<group>"; };
/* End PBXFileReference section */

/* Begin PBXFrameworksBuildPhase section */
		03EA6CBD2533651D009A4CCD /* Frameworks */ = {
			isa = PBXFrameworksBuildPhase;
			buildActionMask = 2147483647;
			files = (
				1A916E3AF91CCAD694BAF0CE /* Pods_CookBook.framework in Frameworks */,
			);
			runOnlyForDeploymentPostprocessing = 0;
		};
		03EA6CD32533651E009A4CCD /* Frameworks */ = {
			isa = PBXFrameworksBuildPhase;
			buildActionMask = 2147483647;
			files = (
			);
			runOnlyForDeploymentPostprocessing = 0;
		};
		03EA6CDE2533651E009A4CCD /* Frameworks */ = {
			isa = PBXFrameworksBuildPhase;
			buildActionMask = 2147483647;
			files = (
			);
			runOnlyForDeploymentPostprocessing = 0;
		};
/* End PBXFrameworksBuildPhase section */

/* Begin PBXGroup section */
		032CFF652534C1D70030545B /* Coordinator */ = {
			isa = PBXGroup;
			children = (
				032CFF762534C9650030545B /* RecipeListCoordinator.swift */,
			);
			path = Coordinator;
			sourceTree = "<group>";
		};
		032CFF9F2534E7DF0030545B /* Storyboards */ = {
			isa = PBXGroup;
			children = (
				03EA6CCE2533651E009A4CCD /* LaunchScreen.storyboard */,
				03EA6CC92533651D009A4CCD /* Main.storyboard */,
			);
			path = Storyboards;
			sourceTree = "<group>";
		};
		03EA6CB72533651D009A4CCD = {
			isa = PBXGroup;
			children = (
				03EA6CC22533651D009A4CCD /* CookBook */,
				03EA6CD92533651E009A4CCD /* CookBookTests */,
				03EA6CC12533651D009A4CCD /* Products */,
				D21AB1EF1E3DEE2720E30A6E /* Pods */,
				B81B0DE66F159871AB83376C /* Frameworks */,
			);
			sourceTree = "<group>";
		};
		03EA6CC12533651D009A4CCD /* Products */ = {
			isa = PBXGroup;
			children = (
				03EA6CC02533651D009A4CCD /* CookBook.app */,
				03EA6CD62533651E009A4CCD /* CookBookTests.xctest */,
				03EA6CE12533651E009A4CCD /* CookBookUITests.xctest */,
			);
			name = Products;
			sourceTree = "<group>";
		};
		03EA6CC22533651D009A4CCD /* CookBook */ = {
			isa = PBXGroup;
			children = (
				03EA6CFC253367F7009A4CCD /* App */,
				03EA6CFE25336807009A4CCD /* Startup */,
				03EA6CFD253367FD009A4CCD /* Commons */,
			);
			path = CookBook;
			sourceTree = "<group>";
		};
		03EA6CD92533651E009A4CCD /* CookBookTests */ = {
			isa = PBXGroup;
			children = (
				03EA6CDA2533651E009A4CCD /* CookBookTests.swift */,
				03EA6CDC2533651E009A4CCD /* Info.plist */,
			);
			path = CookBookTests;
			sourceTree = "<group>";
		};
		03EA6CFC253367F7009A4CCD /* App */ = {
			isa = PBXGroup;
			children = (
				03EA6D0C25336D9B009A4CCD /* Domain */,
				03EA6D0B25336D8D009A4CCD /* Data */,
				03EA6D0A25336D80009A4CCD /* UI */,
			);
			path = App;
			sourceTree = "<group>";
		};
		03EA6CFD253367FD009A4CCD /* Commons */ = {
			isa = PBXGroup;
			children = (
				03EA6D0225336879009A4CCD /* Resources */,
				03EA6D252533774E009A4CCD /* Constants.swift */,
			);
			path = Commons;
			sourceTree = "<group>";
		};
		03EA6CFE25336807009A4CCD /* Startup */ = {
			isa = PBXGroup;
			children = (
				03EA6D06253369A6009A4CCD /* DIContainer */,
				03EA6CC32533651D009A4CCD /* AppDelegate.swift */,
				03EA6CC52533651D009A4CCD /* SceneDelegate.swift */,
				032CFF952534D5C30030545B /* AppCoordinator.swift */,
				032CFF9A2534E3B20030545B /* AppNavigation.swift */,
			);
			path = Startup;
			sourceTree = "<group>";
		};
		03EA6D0225336879009A4CCD /* Resources */ = {
			isa = PBXGroup;
			children = (
				03EA6CCC2533651E009A4CCD /* Assets.xcassets */,
				03EA6CD12533651E009A4CCD /* Info.plist */,
			);
			path = Resources;
			sourceTree = "<group>";
		};
		03EA6D06253369A6009A4CCD /* DIContainer */ = {
			isa = PBXGroup;
			children = (
				032CFF802534CA1C0030545B /* AppDIContainer.swift */,
				032CFF852534CA9F0030545B /* RecipeDIContainer.swift */,
			);
			path = DIContainer;
			sourceTree = "<group>";
		};
		03EA6D0A25336D80009A4CCD /* UI */ = {
			isa = PBXGroup;
			children = (
				032CFF9F2534E7DF0030545B /* Storyboards */,
				03EA6D5F253398F9009A4CCD /* Utils */,
				03EA6D4925338DE9009A4CCD /* Recipes */,
			);
			path = UI;
			sourceTree = "<group>";
		};
		03EA6D0B25336D8D009A4CCD /* Data */ = {
			isa = PBXGroup;
			children = (
				03EA6D1525336F84009A4CCD /* Models */,
				03EA6D0D25336F73009A4CCD /* RecipeRepository.swift */,
			);
			path = Data;
			sourceTree = "<group>";
		};
		03EA6D0C25336D9B009A4CCD /* Domain */ = {
			isa = PBXGroup;
			children = (
				03EA6D3B253382FF009A4CCD /* Models */,
				03EA6D32253382D4009A4CCD /* UseCases */,
			);
			path = Domain;
			sourceTree = "<group>";
		};
		03EA6D1525336F84009A4CCD /* Models */ = {
			isa = PBXGroup;
			children = (
				03EA6D1625336FA1009A4CCD /* RecipieDataModel.swift */,
				03EA6D2D2533798D009A4CCD /* Response.swift */,
			);
			path = Models;
			sourceTree = "<group>";
		};
		03EA6D32253382D4009A4CCD /* UseCases */ = {
			isa = PBXGroup;
			children = (
				03EA6D33253382EE009A4CCD /* RecipeUseCase.swift */,
			);
			path = UseCases;
			sourceTree = "<group>";
		};
		03EA6D3B253382FF009A4CCD /* Models */ = {
			isa = PBXGroup;
			children = (
				03EA6D3C2533830A009A4CCD /* Recipe.swift */,
			);
			path = Models;
			sourceTree = "<group>";
		};
		03EA6D4925338DE9009A4CCD /* Recipes */ = {
			isa = PBXGroup;
			children = (
				03EA6D4A25338DF2009A4CCD /* RecipeList */,
				032CFFA32534EA590030545B /* RecipeDetailViewController.swift */,
			);
			path = Recipes;
			sourceTree = "<group>";
		};
		03EA6D4A25338DF2009A4CCD /* RecipeList */ = {
			isa = PBXGroup;
			children = (
				032CFF652534C1D70030545B /* Coordinator */,
				03EA6D852534B933009A4CCD /* ViewModel */,
				03EA6D842534B929009A4CCD /* View */,
			);
			path = RecipeList;
			sourceTree = "<group>";
		};
		03EA6D4B25338E04009A4CCD /* RecipeCell */ = {
			isa = PBXGroup;
			children = (
				03EA6D54253392AB009A4CCD /* RecipeTableViewCell.swift */,
				03EA6D55253392AB009A4CCD /* RecipeTableViewCell.xib */,
				03EA6D65253399EB009A4CCD /* RecipeCellViewModel.swift */,
			);
			path = RecipeCell;
			sourceTree = "<group>";
		};
		03EA6D5F253398F9009A4CCD /* Utils */ = {
			isa = PBXGroup;
			children = (
				03EA6D6A25339B1D009A4CCD /* Extensions */,
				03EA6D6025339910009A4CCD /* Observable.swift */,
				032CFF6E2534C4B90030545B /* LoadingView.swift */,
				032CFF7B2534C9760030545B /* BaseCoordinator.swift */,
			);
			path = Utils;
			sourceTree = "<group>";
		};
		03EA6D6A25339B1D009A4CCD /* Extensions */ = {
			isa = PBXGroup;
			children = (
				03EA6D6B25339B76009A4CCD /* UIView+Extensions.swift */,
				03EA6D7C2534B76D009A4CCD /* UITableView+Extensions.swift */,
				032CFF662534C3CE0030545B /* UIViewController+Extensions.swift */,
				032CFF902534D1650030545B /* Storyboard+Extensions.swift */,
			);
			path = Extensions;
			sourceTree = "<group>";
		};
		03EA6D842534B929009A4CCD /* View */ = {
			isa = PBXGroup;
			children = (
				03EA6CC72533651D009A4CCD /* RecipeListViewController.swift */,
				03EA6D4B25338E04009A4CCD /* RecipeCell */,
			);
			path = View;
			sourceTree = "<group>";
		};
		03EA6D852534B933009A4CCD /* ViewModel */ = {
			isa = PBXGroup;
			children = (
				03EA6D862534B952009A4CCD /* RecipeListViewModel.swift */,
			);
			path = ViewModel;
			sourceTree = "<group>";
		};
		B81B0DE66F159871AB83376C /* Frameworks */ = {
			isa = PBXGroup;
			children = (
				052C761CCE4F61FC3737454F /* Pods_CookBook.framework */,
			);
			name = Frameworks;
			sourceTree = "<group>";
		};
		D21AB1EF1E3DEE2720E30A6E /* Pods */ = {
			isa = PBXGroup;
			children = (
				AC3FD4E429EADE20B4D96021 /* Pods-CookBook.debug.xcconfig */,
				DAAC02344D4CB81905C6FD92 /* Pods-CookBook.release.xcconfig */,
			);
			path = Pods;
			sourceTree = "<group>";
		};
/* End PBXGroup section */

/* Begin PBXNativeTarget section */
		03EA6CBF2533651D009A4CCD /* CookBook */ = {
			isa = PBXNativeTarget;
			buildConfigurationList = 03EA6CEA2533651E009A4CCD /* Build configuration list for PBXNativeTarget "CookBook" */;
			buildPhases = (
				03AB9B1E48A1FBBBF505378A /* [CP] Check Pods Manifest.lock */,
				03EA6CBC2533651D009A4CCD /* Sources */,
				03EA6CBD2533651D009A4CCD /* Frameworks */,
				03EA6CBE2533651D009A4CCD /* Resources */,
				DA895FC79C0E98040AA9524C /* [CP] Embed Pods Frameworks */,
			);
			buildRules = (
			);
			dependencies = (
			);
			name = CookBook;
			productName = CookBook;
			productReference = 03EA6CC02533651D009A4CCD /* CookBook.app */;
			productType = "com.apple.product-type.application";
		};
		03EA6CD52533651E009A4CCD /* CookBookTests */ = {
			isa = PBXNativeTarget;
			buildConfigurationList = 03EA6CED2533651E009A4CCD /* Build configuration list for PBXNativeTarget "CookBookTests" */;
			buildPhases = (
				03EA6CD22533651E009A4CCD /* Sources */,
				03EA6CD32533651E009A4CCD /* Frameworks */,
				03EA6CD42533651E009A4CCD /* Resources */,
			);
			buildRules = (
			);
			dependencies = (
				03EA6CD82533651E009A4CCD /* PBXTargetDependency */,
			);
			name = CookBookTests;
			productName = CookBookTests;
			productReference = 03EA6CD62533651E009A4CCD /* CookBookTests.xctest */;
			productType = "com.apple.product-type.bundle.unit-test";
		};
		03EA6CE02533651E009A4CCD /* CookBookUITests */ = {
			isa = PBXNativeTarget;
			buildConfigurationList = 03EA6CF02533651E009A4CCD /* Build configuration list for PBXNativeTarget "CookBookUITests" */;
			buildPhases = (
				03EA6CDD2533651E009A4CCD /* Sources */,
				03EA6CDE2533651E009A4CCD /* Frameworks */,
				03EA6CDF2533651E009A4CCD /* Resources */,
			);
			buildRules = (
			);
			dependencies = (
				03EA6CE32533651E009A4CCD /* PBXTargetDependency */,
			);
			name = CookBookUITests;
			productName = CookBookUITests;
			productReference = 03EA6CE12533651E009A4CCD /* CookBookUITests.xctest */;
			productType = "com.apple.product-type.bundle.ui-testing";
		};
/* End PBXNativeTarget section */

/* Begin PBXProject section */
		03EA6CB82533651D009A4CCD /* Project object */ = {
			isa = PBXProject;
			attributes = {
				LastSwiftUpdateCheck = 1200;
				LastUpgradeCheck = 1200;
				TargetAttributes = {
					03EA6CBF2533651D009A4CCD = {
						CreatedOnToolsVersion = 12.0.1;
					};
					03EA6CD52533651E009A4CCD = {
						CreatedOnToolsVersion = 12.0.1;
						TestTargetID = 03EA6CBF2533651D009A4CCD;
					};
					03EA6CE02533651E009A4CCD = {
						CreatedOnToolsVersion = 12.0.1;
						TestTargetID = 03EA6CBF2533651D009A4CCD;
					};
				};
			};
			buildConfigurationList = 03EA6CBB2533651D009A4CCD /* Build configuration list for PBXProject "CookBook" */;
			compatibilityVersion = "Xcode 9.3";
			developmentRegion = en;
			hasScannedForEncodings = 0;
			knownRegions = (
				en,
				Base,
			);
			mainGroup = 03EA6CB72533651D009A4CCD;
			productRefGroup = 03EA6CC12533651D009A4CCD /* Products */;
			projectDirPath = "";
			projectRoot = "";
			targets = (
				03EA6CBF2533651D009A4CCD /* CookBook */,
				03EA6CD52533651E009A4CCD /* CookBookTests */,
				03EA6CE02533651E009A4CCD /* CookBookUITests */,
			);
		};
/* End PBXProject section */

/* Begin PBXResourcesBuildPhase section */
		03EA6CBE2533651D009A4CCD /* Resources */ = {
			isa = PBXResourcesBuildPhase;
			buildActionMask = 2147483647;
			files = (
				03EA6CD02533651E009A4CCD /* LaunchScreen.storyboard in Resources */,
				03EA6CCD2533651E009A4CCD /* Assets.xcassets in Resources */,
				03EA6CCB2533651D009A4CCD /* Main.storyboard in Resources */,
				03EA6D57253392AB009A4CCD /* RecipeTableViewCell.xib in Resources */,
			);
			runOnlyForDeploymentPostprocessing = 0;
		};
		03EA6CD42533651E009A4CCD /* Resources */ = {
			isa = PBXResourcesBuildPhase;
			buildActionMask = 2147483647;
			files = (
			);
			runOnlyForDeploymentPostprocessing = 0;
		};
		03EA6CDF2533651E009A4CCD /* Resources */ = {
			isa = PBXResourcesBuildPhase;
			buildActionMask = 2147483647;
			files = (
			);
			runOnlyForDeploymentPostprocessing = 0;
		};
/* End PBXResourcesBuildPhase section */

/* Begin PBXShellScriptBuildPhase section */
		03AB9B1E48A1FBBBF505378A /* [CP] Check Pods Manifest.lock */ = {
			isa = PBXShellScriptBuildPhase;
			buildActionMask = 2147483647;
			files = (
			);
			inputFileListPaths = (
			);
			inputPaths = (
				"${PODS_PODFILE_DIR_PATH}/Podfile.lock",
				"${PODS_ROOT}/Manifest.lock",
			);
			name = "[CP] Check Pods Manifest.lock";
			outputFileListPaths = (
			);
			outputPaths = (
				"$(DERIVED_FILE_DIR)/Pods-CookBook-checkManifestLockResult.txt",
			);
			runOnlyForDeploymentPostprocessing = 0;
			shellPath = /bin/sh;
			shellScript = "diff \"${PODS_PODFILE_DIR_PATH}/Podfile.lock\" \"${PODS_ROOT}/Manifest.lock\" > /dev/null\nif [ $? != 0 ] ; then\n    # print error to STDERR\n    echo \"error: The sandbox is not in sync with the Podfile.lock. Run 'pod install' or update your CocoaPods installation.\" >&2\n    exit 1\nfi\n# This output is used by Xcode 'outputs' to avoid re-running this script phase.\necho \"SUCCESS\" > \"${SCRIPT_OUTPUT_FILE_0}\"\n";
			showEnvVarsInLog = 0;
		};
		DA895FC79C0E98040AA9524C /* [CP] Embed Pods Frameworks */ = {
			isa = PBXShellScriptBuildPhase;
			buildActionMask = 2147483647;
			files = (
			);
			inputFileListPaths = (
				"${PODS_ROOT}/Target Support Files/Pods-CookBook/Pods-CookBook-frameworks-${CONFIGURATION}-input-files.xcfilelist",
			);
			name = "[CP] Embed Pods Frameworks";
			outputFileListPaths = (
				"${PODS_ROOT}/Target Support Files/Pods-CookBook/Pods-CookBook-frameworks-${CONFIGURATION}-output-files.xcfilelist",
			);
			runOnlyForDeploymentPostprocessing = 0;
			shellPath = /bin/sh;
			shellScript = "\"${PODS_ROOT}/Target Support Files/Pods-CookBook/Pods-CookBook-frameworks.sh\"\n";
			showEnvVarsInLog = 0;
		};
/* End PBXShellScriptBuildPhase section */

/* Begin PBXSourcesBuildPhase section */
		03EA6CBC2533651D009A4CCD /* Sources */ = {
			isa = PBXSourcesBuildPhase;
			buildActionMask = 2147483647;
			files = (
				032CFF6F2534C4B90030545B /* LoadingView.swift in Sources */,
				03EA6D7D2534B76D009A4CCD /* UITableView+Extensions.swift in Sources */,
				03EA6D6125339910009A4CCD /* Observable.swift in Sources */,
				03EA6CC82533651D009A4CCD /* RecipeListViewController.swift in Sources */,
				03EA6D56253392AB009A4CCD /* RecipeTableViewCell.swift in Sources */,
				03EA6D0E25336F73009A4CCD /* RecipeRepository.swift in Sources */,
				032CFF962534D5C30030545B /* AppCoordinator.swift in Sources */,
				03EA6D66253399EB009A4CCD /* RecipeCellViewModel.swift in Sources */,
				03EA6D6C25339B76009A4CCD /* UIView+Extensions.swift in Sources */,
				03EA6CC42533651D009A4CCD /* AppDelegate.swift in Sources */,
				03EA6D872534B952009A4CCD /* RecipeListViewModel.swift in Sources */,
				03EA6CC62533651D009A4CCD /* SceneDelegate.swift in Sources */,
				03EA6D1725336FA1009A4CCD /* RecipieDataModel.swift in Sources */,
				032CFF812534CA1C0030545B /* AppDIContainer.swift in Sources */,
				032CFF772534C9650030545B /* RecipeListCoordinator.swift in Sources */,
				032CFF9B2534E3B20030545B /* AppNavigation.swift in Sources */,
				032CFF912534D1650030545B /* Storyboard+Extensions.swift in Sources */,
				032CFF862534CA9F0030545B /* RecipeDIContainer.swift in Sources */,
				032CFFA42534EA590030545B /* RecipeDetailViewController.swift in Sources */,
				03EA6D262533774E009A4CCD /* Constants.swift in Sources */,
				03EA6D3D2533830A009A4CCD /* Recipe.swift in Sources */,
				032CFF7C2534C9760030545B /* BaseCoordinator.swift in Sources */,
				03EA6D2E2533798D009A4CCD /* Response.swift in Sources */,
				032CFF672534C3CE0030545B /* UIViewController+Extensions.swift in Sources */,
				03EA6D34253382EE009A4CCD /* RecipeUseCase.swift in Sources */,
			);
			runOnlyForDeploymentPostprocessing = 0;
		};
		03EA6CD22533651E009A4CCD /* Sources */ = {
			isa = PBXSourcesBuildPhase;
			buildActionMask = 2147483647;
			files = (
				03EA6CDB2533651E009A4CCD /* CookBookTests.swift in Sources */,
			);
			runOnlyForDeploymentPostprocessing = 0;
		};
		03EA6CDD2533651E009A4CCD /* Sources */ = {
			isa = PBXSourcesBuildPhase;
			buildActionMask = 2147483647;
			files = (
			);
			runOnlyForDeploymentPostprocessing = 0;
		};
/* End PBXSourcesBuildPhase section */

/* Begin PBXTargetDependency section */
		03EA6CD82533651E009A4CCD /* PBXTargetDependency */ = {
			isa = PBXTargetDependency;
			target = 03EA6CBF2533651D009A4CCD /* CookBook */;
			targetProxy = 03EA6CD72533651E009A4CCD /* PBXContainerItemProxy */;
		};
		03EA6CE32533651E009A4CCD /* PBXTargetDependency */ = {
			isa = PBXTargetDependency;
			target = 03EA6CBF2533651D009A4CCD /* CookBook */;
			targetProxy = 03EA6CE22533651E009A4CCD /* PBXContainerItemProxy */;
		};
/* End PBXTargetDependency section */

/* Begin PBXVariantGroup section */
		03EA6CC92533651D009A4CCD /* Main.storyboard */ = {
			isa = PBXVariantGroup;
			children = (
				03EA6CCA2533651D009A4CCD /* Base */,
			);
			name = Main.storyboard;
			sourceTree = "<group>";
		};
		03EA6CCE2533651E009A4CCD /* LaunchScreen.storyboard */ = {
			isa = PBXVariantGroup;
			children = (
				03EA6CCF2533651E009A4CCD /* Base */,
			);
			name = LaunchScreen.storyboard;
			sourceTree = "<group>";
		};
/* End PBXVariantGroup section */

/* Begin XCBuildConfiguration section */
		03EA6CE82533651E009A4CCD /* Debug */ = {
			isa = XCBuildConfiguration;
			buildSettings = {
				ALWAYS_SEARCH_USER_PATHS = NO;
				CLANG_ANALYZER_NONNULL = YES;
				CLANG_ANALYZER_NUMBER_OBJECT_CONVERSION = YES_AGGRESSIVE;
				CLANG_CXX_LANGUAGE_STANDARD = "gnu++14";
				CLANG_CXX_LIBRARY = "libc++";
				CLANG_ENABLE_MODULES = YES;
				CLANG_ENABLE_OBJC_ARC = YES;
				CLANG_ENABLE_OBJC_WEAK = YES;
				CLANG_WARN_BLOCK_CAPTURE_AUTORELEASING = YES;
				CLANG_WARN_BOOL_CONVERSION = YES;
				CLANG_WARN_COMMA = YES;
				CLANG_WARN_CONSTANT_CONVERSION = YES;
				CLANG_WARN_DEPRECATED_OBJC_IMPLEMENTATIONS = YES;
				CLANG_WARN_DIRECT_OBJC_ISA_USAGE = YES_ERROR;
				CLANG_WARN_DOCUMENTATION_COMMENTS = YES;
				CLANG_WARN_EMPTY_BODY = YES;
				CLANG_WARN_ENUM_CONVERSION = YES;
				CLANG_WARN_INFINITE_RECURSION = YES;
				CLANG_WARN_INT_CONVERSION = YES;
				CLANG_WARN_NON_LITERAL_NULL_CONVERSION = YES;
				CLANG_WARN_OBJC_IMPLICIT_RETAIN_SELF = YES;
				CLANG_WARN_OBJC_LITERAL_CONVERSION = YES;
				CLANG_WARN_OBJC_ROOT_CLASS = YES_ERROR;
				CLANG_WARN_QUOTED_INCLUDE_IN_FRAMEWORK_HEADER = YES;
				CLANG_WARN_RANGE_LOOP_ANALYSIS = YES;
				CLANG_WARN_STRICT_PROTOTYPES = YES;
				CLANG_WARN_SUSPICIOUS_MOVE = YES;
				CLANG_WARN_UNGUARDED_AVAILABILITY = YES_AGGRESSIVE;
				CLANG_WARN_UNREACHABLE_CODE = YES;
				CLANG_WARN__DUPLICATE_METHOD_MATCH = YES;
				COPY_PHASE_STRIP = NO;
				DEBUG_INFORMATION_FORMAT = dwarf;
				ENABLE_STRICT_OBJC_MSGSEND = YES;
				ENABLE_TESTABILITY = YES;
				GCC_C_LANGUAGE_STANDARD = gnu11;
				GCC_DYNAMIC_NO_PIC = NO;
				GCC_NO_COMMON_BLOCKS = YES;
				GCC_OPTIMIZATION_LEVEL = 0;
				GCC_PREPROCESSOR_DEFINITIONS = (
					"DEBUG=1",
					"$(inherited)",
				);
				GCC_WARN_64_TO_32_BIT_CONVERSION = YES;
				GCC_WARN_ABOUT_RETURN_TYPE = YES_ERROR;
				GCC_WARN_UNDECLARED_SELECTOR = YES;
				GCC_WARN_UNINITIALIZED_AUTOS = YES_AGGRESSIVE;
				GCC_WARN_UNUSED_FUNCTION = YES;
				GCC_WARN_UNUSED_VARIABLE = YES;
				IPHONEOS_DEPLOYMENT_TARGET = 14.0;
				MTL_ENABLE_DEBUG_INFO = INCLUDE_SOURCE;
				MTL_FAST_MATH = YES;
				ONLY_ACTIVE_ARCH = YES;
				SDKROOT = iphoneos;
				SWIFT_ACTIVE_COMPILATION_CONDITIONS = DEBUG;
				SWIFT_OPTIMIZATION_LEVEL = "-Onone";
			};
			name = Debug;
		};
		03EA6CE92533651E009A4CCD /* Release */ = {
			isa = XCBuildConfiguration;
			buildSettings = {
				ALWAYS_SEARCH_USER_PATHS = NO;
				CLANG_ANALYZER_NONNULL = YES;
				CLANG_ANALYZER_NUMBER_OBJECT_CONVERSION = YES_AGGRESSIVE;
				CLANG_CXX_LANGUAGE_STANDARD = "gnu++14";
				CLANG_CXX_LIBRARY = "libc++";
				CLANG_ENABLE_MODULES = YES;
				CLANG_ENABLE_OBJC_ARC = YES;
				CLANG_ENABLE_OBJC_WEAK = YES;
				CLANG_WARN_BLOCK_CAPTURE_AUTORELEASING = YES;
				CLANG_WARN_BOOL_CONVERSION = YES;
				CLANG_WARN_COMMA = YES;
				CLANG_WARN_CONSTANT_CONVERSION = YES;
				CLANG_WARN_DEPRECATED_OBJC_IMPLEMENTATIONS = YES;
				CLANG_WARN_DIRECT_OBJC_ISA_USAGE = YES_ERROR;
				CLANG_WARN_DOCUMENTATION_COMMENTS = YES;
				CLANG_WARN_EMPTY_BODY = YES;
				CLANG_WARN_ENUM_CONVERSION = YES;
				CLANG_WARN_INFINITE_RECURSION = YES;
				CLANG_WARN_INT_CONVERSION = YES;
				CLANG_WARN_NON_LITERAL_NULL_CONVERSION = YES;
				CLANG_WARN_OBJC_IMPLICIT_RETAIN_SELF = YES;
				CLANG_WARN_OBJC_LITERAL_CONVERSION = YES;
				CLANG_WARN_OBJC_ROOT_CLASS = YES_ERROR;
				CLANG_WARN_QUOTED_INCLUDE_IN_FRAMEWORK_HEADER = YES;
				CLANG_WARN_RANGE_LOOP_ANALYSIS = YES;
				CLANG_WARN_STRICT_PROTOTYPES = YES;
				CLANG_WARN_SUSPICIOUS_MOVE = YES;
				CLANG_WARN_UNGUARDED_AVAILABILITY = YES_AGGRESSIVE;
				CLANG_WARN_UNREACHABLE_CODE = YES;
				CLANG_WARN__DUPLICATE_METHOD_MATCH = YES;
				COPY_PHASE_STRIP = NO;
				DEBUG_INFORMATION_FORMAT = "dwarf-with-dsym";
				ENABLE_NS_ASSERTIONS = NO;
				ENABLE_STRICT_OBJC_MSGSEND = YES;
				GCC_C_LANGUAGE_STANDARD = gnu11;
				GCC_NO_COMMON_BLOCKS = YES;
				GCC_WARN_64_TO_32_BIT_CONVERSION = YES;
				GCC_WARN_ABOUT_RETURN_TYPE = YES_ERROR;
				GCC_WARN_UNDECLARED_SELECTOR = YES;
				GCC_WARN_UNINITIALIZED_AUTOS = YES_AGGRESSIVE;
				GCC_WARN_UNUSED_FUNCTION = YES;
				GCC_WARN_UNUSED_VARIABLE = YES;
				IPHONEOS_DEPLOYMENT_TARGET = 14.0;
				MTL_ENABLE_DEBUG_INFO = NO;
				MTL_FAST_MATH = YES;
				SDKROOT = iphoneos;
				SWIFT_COMPILATION_MODE = wholemodule;
				SWIFT_OPTIMIZATION_LEVEL = "-O";
				VALIDATE_PRODUCT = YES;
			};
			name = Release;
		};
		03EA6CEB2533651E009A4CCD /* Debug */ = {
			isa = XCBuildConfiguration;
			baseConfigurationReference = AC3FD4E429EADE20B4D96021 /* Pods-CookBook.debug.xcconfig */;
			buildSettings = {
				ASSETCATALOG_COMPILER_APPICON_NAME = AppIcon;
				ASSETCATALOG_COMPILER_GLOBAL_ACCENT_COLOR_NAME = AccentColor;
				CODE_SIGN_STYLE = Automatic;
				INFOPLIST_FILE = CookBook/Commons/Resources/Info.plist;
				LD_RUNPATH_SEARCH_PATHS = (
					"$(inherited)",
					"@executable_path/Frameworks",
				);
				PRODUCT_BUNDLE_IDENTIFIER = com.osama.CookBook;
				PRODUCT_NAME = "$(TARGET_NAME)";
				SWIFT_VERSION = 5.0;
				TARGETED_DEVICE_FAMILY = 1;
			};
			name = Debug;
		};
		03EA6CEC2533651E009A4CCD /* Release */ = {
			isa = XCBuildConfiguration;
			baseConfigurationReference = DAAC02344D4CB81905C6FD92 /* Pods-CookBook.release.xcconfig */;
			buildSettings = {
				ASSETCATALOG_COMPILER_APPICON_NAME = AppIcon;
				ASSETCATALOG_COMPILER_GLOBAL_ACCENT_COLOR_NAME = AccentColor;
				CODE_SIGN_STYLE = Automatic;
				INFOPLIST_FILE = CookBook/Commons/Resources/Info.plist;
				LD_RUNPATH_SEARCH_PATHS = (
					"$(inherited)",
					"@executable_path/Frameworks",
				);
				PRODUCT_BUNDLE_IDENTIFIER = com.osama.CookBook;
				PRODUCT_NAME = "$(TARGET_NAME)";
				SWIFT_VERSION = 5.0;
				TARGETED_DEVICE_FAMILY = 1;
			};
			name = Release;
		};
		03EA6CEE2533651E009A4CCD /* Debug */ = {
			isa = XCBuildConfiguration;
			buildSettings = {
				ALWAYS_EMBED_SWIFT_STANDARD_LIBRARIES = YES;
				BUNDLE_LOADER = "$(TEST_HOST)";
				CODE_SIGN_STYLE = Automatic;
				INFOPLIST_FILE = CookBookTests/Info.plist;
				IPHONEOS_DEPLOYMENT_TARGET = 14.0;
				LD_RUNPATH_SEARCH_PATHS = (
					"$(inherited)",
					"@executable_path/Frameworks",
					"@loader_path/Frameworks",
				);
				PRODUCT_BUNDLE_IDENTIFIER = com.osama.CookBookTests;
				PRODUCT_NAME = "$(TARGET_NAME)";
				SWIFT_VERSION = 5.0;
				TARGETED_DEVICE_FAMILY = "1,2";
				TEST_HOST = "$(BUILT_PRODUCTS_DIR)/CookBook.app/CookBook";
			};
			name = Debug;
		};
		03EA6CEF2533651E009A4CCD /* Release */ = {
			isa = XCBuildConfiguration;
			buildSettings = {
				ALWAYS_EMBED_SWIFT_STANDARD_LIBRARIES = YES;
				BUNDLE_LOADER = "$(TEST_HOST)";
				CODE_SIGN_STYLE = Automatic;
				INFOPLIST_FILE = CookBookTests/Info.plist;
				IPHONEOS_DEPLOYMENT_TARGET = 14.0;
				LD_RUNPATH_SEARCH_PATHS = (
					"$(inherited)",
					"@executable_path/Frameworks",
					"@loader_path/Frameworks",
				);
				PRODUCT_BUNDLE_IDENTIFIER = com.osama.CookBookTests;
				PRODUCT_NAME = "$(TARGET_NAME)";
				SWIFT_VERSION = 5.0;
				TARGETED_DEVICE_FAMILY = "1,2";
				TEST_HOST = "$(BUILT_PRODUCTS_DIR)/CookBook.app/CookBook";
			};
			name = Release;
		};
		03EA6CF12533651E009A4CCD /* Debug */ = {
			isa = XCBuildConfiguration;
			buildSettings = {
				ALWAYS_EMBED_SWIFT_STANDARD_LIBRARIES = YES;
				CODE_SIGN_STYLE = Automatic;
				INFOPLIST_FILE = CookBookUITests/Info.plist;
				LD_RUNPATH_SEARCH_PATHS = (
					"$(inherited)",
					"@executable_path/Frameworks",
					"@loader_path/Frameworks",
				);
				PRODUCT_BUNDLE_IDENTIFIER = com.osama.CookBookUITests;
				PRODUCT_NAME = "$(TARGET_NAME)";
				SWIFT_VERSION = 5.0;
				TARGETED_DEVICE_FAMILY = "1,2";
				TEST_TARGET_NAME = CookBook;
			};
			name = Debug;
		};
		03EA6CF22533651E009A4CCD /* Release */ = {
			isa = XCBuildConfiguration;
			buildSettings = {
				ALWAYS_EMBED_SWIFT_STANDARD_LIBRARIES = YES;
				CODE_SIGN_STYLE = Automatic;
				INFOPLIST_FILE = CookBookUITests/Info.plist;
				LD_RUNPATH_SEARCH_PATHS = (
					"$(inherited)",
					"@executable_path/Frameworks",
					"@loader_path/Frameworks",
				);
				PRODUCT_BUNDLE_IDENTIFIER = com.osama.CookBookUITests;
				PRODUCT_NAME = "$(TARGET_NAME)";
				SWIFT_VERSION = 5.0;
				TARGETED_DEVICE_FAMILY = "1,2";
				TEST_TARGET_NAME = CookBook;
			};
			name = Release;
		};
/* End XCBuildConfiguration section */

/* Begin XCConfigurationList section */
		03EA6CBB2533651D009A4CCD /* Build configuration list for PBXProject "CookBook" */ = {
			isa = XCConfigurationList;
			buildConfigurations = (
				03EA6CE82533651E009A4CCD /* Debug */,
				03EA6CE92533651E009A4CCD /* Release */,
			);
			defaultConfigurationIsVisible = 0;
			defaultConfigurationName = Release;
		};
		03EA6CEA2533651E009A4CCD /* Build configuration list for PBXNativeTarget "CookBook" */ = {
			isa = XCConfigurationList;
			buildConfigurations = (
				03EA6CEB2533651E009A4CCD /* Debug */,
				03EA6CEC2533651E009A4CCD /* Release */,
			);
			defaultConfigurationIsVisible = 0;
			defaultConfigurationName = Release;
		};
		03EA6CED2533651E009A4CCD /* Build configuration list for PBXNativeTarget "CookBookTests" */ = {
			isa = XCConfigurationList;
			buildConfigurations = (
				03EA6CEE2533651E009A4CCD /* Debug */,
				03EA6CEF2533651E009A4CCD /* Release */,
			);
			defaultConfigurationIsVisible = 0;
			defaultConfigurationName = Release;
		};
		03EA6CF02533651E009A4CCD /* Build configuration list for PBXNativeTarget "CookBookUITests" */ = {
			isa = XCConfigurationList;
			buildConfigurations = (
				03EA6CF12533651E009A4CCD /* Debug */,
				03EA6CF22533651E009A4CCD /* Release */,
			);
			defaultConfigurationIsVisible = 0;
			defaultConfigurationName = Release;
		};
/* End XCConfigurationList section */
	};
	rootObject = 03EA6CB82533651D009A4CCD /* Project object */;
}
